
Microsoft Visual Studio Solution File, Format Version 12.00
Project("{FAE04EC0-301F-11D3-BF4B-00C04F79EFBC}") = "RestAPI", "RestAPI\RestAPI.csproj", "{681846CE-2FDB-4C9D-8623-F5F9FFE4A39C}"
EndProject
Global
	GlobalSection(SolutionConfigurationPlatforms) = preSolution
		Debug|Any CPU = Debug|Any CPU
		Release|Any CPU = Release|Any CPU
	EndGlobalSection
	GlobalSection(ProjectConfigurationPlatforms) = postSolution
		{681846CE-2FDB-4C9D-8623-F5F9FFE4A39C}.Debug|Any CPU.ActiveCfg = Debug|Any CPU
		{681846CE-2FDB-4C9D-8623-F5F9FFE4A39C}.Debug|Any CPU.Build.0 = Debug|Any CPU
		{681846CE-2FDB-4C9D-8623-F5F9FFE4A39C}.Release|Any CPU.ActiveCfg = Release|Any CPU
		{681846CE-2FDB-4C9D-8623-F5F9FFE4A39C}.Release|Any CPU.Build.0 = Release|Any CPU
	EndGlobalSection
EndGlobal
